
Microsoft Visual Studio Solution File, Format Version 12.00
# Visual Studio Version 17
VisualStudioVersion = 17.14.36401.2 d17.14
MinimumVisualStudioVersion = 10.0.40219.1
Project("{FAE04EC0-301F-11D3-BF4B-00C04F79EFBC}") = "GuestBookRazor", "GuestBookRazor\GuestBookRazor.csproj", "{CFB90AEC-ED4E-4F76-B946-CA1B6ECD8E65}"
EndProject
Global
	GlobalSection(SolutionConfigurationPlatforms) = preSolution
		Debug|Any CPU = Debug|Any CPU
		Release|Any CPU = Release|Any CPU
	EndGlobalSection
	GlobalSection(ProjectConfigurationPlatforms) = postSolution
		{CFB90AEC-ED4E-4F76-B946-CA1B6ECD8E65}.Debug|Any CPU.ActiveCfg = Debug|Any CPU
		{CFB90AEC-ED4E-4F76-B946-CA1B6ECD8E65}.Debug|Any CPU.Build.0 = Debug|Any CPU
		{CFB90AEC-ED4E-4F76-B946-CA1B6ECD8E65}.Release|Any CPU.ActiveCfg = Release|Any CPU
		{CFB90AEC-ED4E-4F76-B946-CA1B6ECD8E65}.Release|Any CPU.Build.0 = Release|Any CPU
	EndGlobalSection
	GlobalSection(SolutionProperties) = preSolution
		HideSolutionNode = FALSE
	EndGlobalSection
	GlobalSection(ExtensibilityGlobals) = postSolution
		SolutionGuid = {FD8A3AE8-003D-4F3C-B23A-E1EA390A4FB4}
	EndGlobalSection
EndGlobal
